Microsoft Visual Studio Solution File, Format Version 12.00
# Visual Studio Version 17
VisualStudioVersion = 17.5.2.0
MinimumVisualStudioVersion = 10.0.40219.1
Project("{FAE04EC0-301F-11D3-BF4B-00C04F79EFBC}") = "Uptime123", "Uptime123.csproj", "{1EA5D044-65B1-799E-D1CE-C99F7683A105}"
EndProject
Global
	GlobalSection(SolutionConfigurationPlatforms) = preSolution
		Debug|Any CPU = Debug|Any CPU
		Release|Any CPU = Release|Any CPU
	EndGlobalSection
	GlobalSection(ProjectConfigurationPlatforms) = postSolution
		{1EA5D044-65B1-799E-D1CE-C99F7683A105}.Debug|Any CPU.ActiveCfg = Debug|Any CPU
		{1EA5D044-65B1-799E-D1CE-C99F7683A105}.Debug|Any CPU.Build.0 = Debug|Any CPU
		{1EA5D044-65B1-799E-D1CE-C99F7683A105}.Release|Any CPU.ActiveCfg = Release|Any CPU
		{1EA5D044-65B1-799E-D1CE-C99F7683A105}.Release|Any CPU.Build.0 = Release|Any CPU
	EndGlobalSection
	GlobalSection(SolutionProperties) = preSolution
		HideSolutionNode = FALSE
	EndGlobalSection
	GlobalSection(ExtensibilityGlobals) = postSolution
		SolutionGuid = {878F37AF-BFEB-4765-92A0-155DAB6F3891}
	EndGlobalSection
EndGlobal
